
Microsoft Visual Studio Solution File, Format Version 12.00
Project("{FAE04EC0-301F-11D3-BF4B-00C04F79EFBC}") = "TaxiTripsETL", "TaxiTripsETL\TaxiTripsETL.csproj", "{D169C39F-4760-413C-8619-914E78DD880A}"
EndProject
Global
	GlobalSection(SolutionConfigurationPlatforms) = preSolution
		Debug|Any CPU = Debug|Any CPU
		Release|Any CPU = Release|Any CPU
	EndGlobalSection
	GlobalSection(ProjectConfigurationPlatforms) = postSolution
		{D169C39F-4760-413C-8619-914E78DD880A}.Debug|Any CPU.ActiveCfg = Debug|Any CPU
		{D169C39F-4760-413C-8619-914E78DD880A}.Debug|Any CPU.Build.0 = Debug|Any CPU
		{D169C39F-4760-413C-8619-914E78DD880A}.Release|Any CPU.ActiveCfg = Release|Any CPU
		{D169C39F-4760-413C-8619-914E78DD880A}.Release|Any CPU.Build.0 = Release|Any CPU
	EndGlobalSection
EndGlobal
